
Microsoft Visual Studio Solution File, Format Version 12.00
# Visual Studio 15
VisualStudioVersion = 15.0.27130.0
MinimumVisualStudioVersion = 10.0.40219.1
Project("{FAE04EC0-301F-11D3-BF4B-00C04F79EFBC}") = "Clue", "Clue\Clue.csproj", "{1CEFA45D-AC24-45EB-B0C7-4172912DBF12}"
EndProject
Global
	GlobalSection(SolutionConfigurationPlatforms) = preSolution
		Debug|Any CPU = Debug|Any CPU
		Release|Any CPU = Release|Any CPU
	EndGlobalSection
	GlobalSection(ProjectConfigurationPlatforms) = postSolution
		{1CEFA45D-AC24-45EB-B0C7-4172912DBF12}.Debug|Any CPU.ActiveCfg = Debug|Any CPU
		{1CEFA45D-AC24-45EB-B0C7-4172912DBF12}.Debug|Any CPU.Build.0 = Debug|Any CPU
		{1CEFA45D-AC24-45EB-B0C7-4172912DBF12}.Release|Any CPU.ActiveCfg = Release|Any CPU
		{1CEFA45D-AC24-45EB-B0C7-4172912DBF12}.Release|Any CPU.Build.0 = Release|Any CPU
	EndGlobalSection
	GlobalSection(SolutionProperties) = preSolution
		HideSolutionNode = FALSE
	EndGlobalSection
	GlobalSection(ExtensibilityGlobals) = postSolution
		SolutionGuid = {08FCAF11-9E98-4D8D-8B5D-B48ED541B437}
	EndGlobalSection
EndGlobal
